
Microsoft Visual Studio Solution File, Format Version 12.00
# Visual Studio 2013
VisualStudioVersion = 12.0.31101.0
MinimumVisualStudioVersion = 10.0.40219.1
Project("{FAE04EC0-301F-11D3-BF4B-00C04F79EFBC}") = "01.HelloCSharpWorld", "01.HelloCSharpWorld\01.HelloCSharpWorld.csproj", "{23855CFE-5D83-495E-992C-8FF7DFB9879D}"
EndProject
Project("{FAE04EC0-301F-11D3-BF4B-00C04F79EFBC}") = "02.PrintMyName", "02.PrintMyName\02.PrintMyName.csproj", "{12A5B58F-0B14-457F-A336-2BED81864393}"
EndProject
Project("{FAE04EC0-301F-11D3-BF4B-00C04F79EFBC}") = "03.NumberPrinter", "03.NumberPrinter\03.NumberPrinter.csproj", "{4D8386B7-35BC-42CD-9887-0E135FDEF3C7}"
EndProject
Project("{FAE04EC0-301F-11D3-BF4B-00C04F79EFBC}") = "04.FirstNameLastName", "04.FirstNameLastName\04.FirstNameLastName.csproj", "{F69FB33C-9671-471E-80F3-16EA7BF4E051}"
EndProject
Project("{FAE04EC0-301F-11D3-BF4B-00C04F79EFBC}") = "05.SquareRoot", "05.SquareRoot\05.SquareRoot.csproj", "{80BE3004-11BE-4BAA-BB3F-398713FA68C6}"
EndProject
Project("{FAE04EC0-301F-11D3-BF4B-00C04F79EFBC}") = "06.Sequence", "Sequence\06.Sequence.csproj", "{10E0C44C-847A-4896-A78A-2BA31452C86C}"
EndProject
Project("{FAE04EC0-301F-11D3-BF4B-00C04F79EFBC}") = "07.ReformatTheCode", "07.ReformatTheCode\07.ReformatTheCode.csproj", "{4491B62B-7B94-4AC2-9199-E85DD32B5C28}"
EndProject
Project("{FAE04EC0-301F-11D3-BF4B-00C04F79EFBC}") = "08.OtherProgrammingLanguages", "08.OtherProgrammingLanguages\08.OtherProgrammingLanguages.csproj", "{1CC60783-B624-4850-924D-0DF9016DB909}"
EndProject
Project("{FAE04EC0-301F-11D3-BF4B-00C04F79EFBC}") = "09.CurrentDateAndTime", "09.CurrentDateAndTime\09.CurrentDateAndTime.csproj", "{F32C5F54-731B-4443-9620-9849E476F6BE}"
EndProject
Project("{FAE04EC0-301F-11D3-BF4B-00C04F79EFBC}") = "10.AgeAfter10Years", "AgeAfter10Years\10.AgeAfter10Years.csproj", "{2FF44978-FDAC-4EC7-874B-9E56CD585365}"
EndProject
Project("{FAE04EC0-301F-11D3-BF4B-00C04F79EFBC}") = "11.PrintLongSequence", "11.PrintLongSequence\11.PrintLongSequence.csproj", "{67CD9C89-88FA-4EEF-A60D-A20AAA1E8A21}"
EndProject
Global
	GlobalSection(SolutionConfigurationPlatforms) = preSolution
		Debug|Any CPU = Debug|Any CPU
		Release|Any CPU = Release|Any CPU
	EndGlobalSection
	GlobalSection(ProjectConfigurationPlatforms) = postSolution
		{23855CFE-5D83-495E-992C-8FF7DFB9879D}.Debug|Any CPU.ActiveCfg = Debug|Any CPU
		{23855CFE-5D83-495E-992C-8FF7DFB9879D}.Debug|Any CPU.Build.0 = Debug|Any CPU
		{23855CFE-5D83-495E-992C-8FF7DFB9879D}.Release|Any CPU.ActiveCfg = Release|Any CPU
		{23855CFE-5D83-495E-992C-8FF7DFB9879D}.Release|Any CPU.Build.0 = Release|Any CPU
		{12A5B58F-0B14-457F-A336-2BED81864393}.Debug|Any CPU.ActiveCfg = Debug|Any CPU
		{12A5B58F-0B14-457F-A336-2BED81864393}.Debug|Any CPU.Build.0 = Debug|Any CPU
		{12A5B58F-0B14-457F-A336-2BED81864393}.Release|Any CPU.ActiveCfg = Release|Any CPU
		{12A5B58F-0B14-457F-A336-2BED81864393}.Release|Any CPU.Build.0 = Release|Any CPU
		{4D8386B7-35BC-42CD-9887-0E135FDEF3C7}.Debug|Any CPU.ActiveCfg = Debug|Any CPU
		{4D8386B7-35BC-42CD-9887-0E135FDEF3C7}.Debug|Any CPU.Build.0 = Debug|Any CPU
		{4D8386B7-35BC-42CD-9887-0E135FDEF3C7}.Release|Any CPU.ActiveCfg = Release|Any CPU
		{4D8386B7-35BC-42CD-9887-0E135FDEF3C7}.Release|Any CPU.Build.0 = Release|Any CPU
		{F69FB33C-9671-471E-80F3-16EA7BF4E051}.Debug|Any CPU.ActiveCfg = Debug|Any CPU
		{F69FB33C-9671-471E-80F3-16EA7BF4E051}.Debug|Any CPU.Build.0 = Debug|Any CPU
		{F69FB33C-9671-471E-80F3-16EA7BF4E051}.Release|Any CPU.ActiveCfg = Release|Any CPU
		{F69FB33C-9671-471E-80F3-16EA7BF4E051}.Release|Any CPU.Build.0 = Release|Any CPU
		{80BE3004-11BE-4BAA-BB3F-398713FA68C6}.Debug|Any CPU.ActiveCfg = Debug|Any CPU
		{80BE3004-11BE-4BAA-BB3F-398713FA68C6}.Debug|Any CPU.Build.0 = Debug|Any CPU
		{80BE3004-11BE-4BAA-BB3F-398713FA68C6}.Release|Any CPU.ActiveCfg = Release|Any CPU
		{80BE3004-11BE-4BAA-BB3F-398713FA68C6}.Release|Any CPU.Build.0 = Release|Any CPU
		{10E0C44C-847A-4896-A78A-2BA31452C86C}.Debug|Any CPU.ActiveCfg = Debug|Any CPU
		{10E0C44C-847A-4896-A78A-2BA31452C86C}.Debug|Any CPU.Build.0 = Debug|Any CPU
		{10E0C44C-847A-4896-A78A-2BA31452C86C}.Release|Any CPU.ActiveCfg = Release|Any CPU
		{10E0C44C-847A-4896-A78A-2BA31452C86C}.Release|Any CPU.Build.0 = Release|Any CPU
		{4491B62B-7B94-4AC2-9199-E85DD32B5C28}.Debug|Any CPU.ActiveCfg = Debug|Any CPU
		{4491B62B-7B94-4AC2-9199-E85DD32B5C28}.Debug|Any CPU.Build.0 = Debug|Any CPU
		{4491B62B-7B94-4AC2-9199-E85DD32B5C28}.Release|Any CPU.ActiveCfg = Release|Any CPU
		{4491B62B-7B94-4AC2-9199-E85DD32B5C28}.Release|Any CPU.Build.0 = Release|Any CPU
		{1CC60783-B624-4850-924D-0DF9016DB909}.Debug|Any CPU.ActiveCfg = Debug|Any CPU
		{1CC60783-B624-4850-924D-0DF9016DB909}.Debug|Any CPU.Build.0 = Debug|Any CPU
		{1CC60783-B624-4850-924D-0DF9016DB909}.Release|Any CPU.ActiveCfg = Release|Any CPU
		{1CC60783-B624-4850-924D-0DF9016DB909}.Release|Any CPU.Build.0 = Release|Any CPU
		{F32C5F54-731B-4443-9620-9849E476F6BE}.Debug|Any CPU.ActiveCfg = Debug|Any CPU
		{F32C5F54-731B-4443-9620-9849E476F6BE}.Debug|Any CPU.Build.0 = Debug|Any CPU
		{F32C5F54-731B-4443-9620-9849E476F6BE}.Release|Any CPU.ActiveCfg = Release|Any CPU
		{F32C5F54-731B-4443-9620-9849E476F6BE}.Release|Any CPU.Build.0 = Release|Any CPU
		{2FF44978-FDAC-4EC7-874B-9E56CD585365}.Debug|Any CPU.ActiveCfg = Debug|Any CPU
		{2FF44978-FDAC-4EC7-874B-9E56CD585365}.Debug|Any CPU.Build.0 = Debug|Any CPU
		{2FF44978-FDAC-4EC7-874B-9E56CD585365}.Release|Any CPU.ActiveCfg = Release|Any CPU
		{2FF44978-FDAC-4EC7-874B-9E56CD585365}.Release|Any CPU.Build.0 = Release|Any CPU
		{67CD9C89-88FA-4EEF-A60D-A20AAA1E8A21}.Debug|Any CPU.ActiveCfg = Debug|Any CPU
		{67CD9C89-88FA-4EEF-A60D-A20AAA1E8A21}.Debug|Any CPU.Build.0 = Debug|Any CPU
		{67CD9C89-88FA-4EEF-A60D-A20AAA1E8A21}.Release|Any CPU.ActiveCfg = Release|Any CPU
		{67CD9C89-88FA-4EEF-A60D-A20AAA1E8A21}.Release|Any CPU.Build.0 = Release|Any CPU
	EndGlobalSection
	GlobalSection(SolutionProperties) = preSolution
		HideSolutionNode = FALSE
	EndGlobalSection
EndGlobal
